<?xml version="1.0" encoding="utf-8"?>
<Project ToolsVersion="4.0" xmlns="http://schemas.microsoft.com/developer/msbuild/2003">
  <ItemGroup>
    <Filter Include="Engine">
      <UniqueIdentifier>{93995380-89BD-4b04-88EB-625FBE52EBFB}</UniqueIdentifier>
      <Extensions>h;hh;hpp;hxx;hm;inl;inc;xsd</Extensions>
    </Filter>
    <Filter Include="Game">
      <UniqueIdentifier>{4FC737F1-C7A5-4376-A066-2A32D752A2FF}</UniqueIdentifier>
      <Extensions>cpp;c;cc;cxx;def;odl;idl;hpj;bat;asm;asmx</Extensions>
    </Filter>
    <Filter Include="Engine\Modules">
      <UniqueIdentifier>{fdc7c933-9eed-4a46-b119-65077ae34c86}</UniqueIdentifier>
    </Filter>
    <Filter Include="Engine\Tools">
      <UniqueIdentifier>{3f282fec-0ff3-45af-a488-8d2a781d304e}</UniqueIdentifier>
    </Filter>
    <Filter Include="Engine\External">
      <UniqueIdentifier>{193e3d09-0233-4e92-b2b4-5dc0485976e3}</UniqueIdentifier>
    </Filter>
    <Filter Include="Engine\External\PugiXML">
      <UniqueIdentifier>{4d64b51a-e4af-415c-a388-2bce786c39fd}</UniqueIdentifier>
    </Filter>
    <Filter Include="Engine\Scenes">
      <UniqueIdentifier>{297e13d7-661f-445e-a212-83f4a360d191}</UniqueIdentifier>
    </Filter>
    <Filter Include="Engine\Entities">
      <UniqueIdentifier>{78cc683e-8b5a-48c5-8633-5283db298f19}</UniqueIdentifier>
    </Filter>
    <Filter Include="Engine\UI">
      <UniqueIdentifier>{5bcc6b79-e5cc-4a68-aa05-2bf2c2ba21e2}</UniqueIdentifier>
    </Filter>
  </ItemGroup>
  <ItemGroup>
    <ClCompile Include="Engine\App.cpp">
      <Filter>Engine</Filter>
    </ClCompile>
    <ClCompile Include="Engine\Main.cpp">
      <Filter>Engine</Filter>
    </ClCompile>
    <ClCompile Include="Engine\ModuleInput.cpp">
      <Filter>Engine\Modules</Filter>
    </ClCompile>
    <ClCompile Include="Engine\ModuleRender.cpp">
      <Filter>Engine\Modules</Filter>
    </ClCompile>
    <ClCompile Include="Engine\ModuleTextures.cpp">
      <Filter>Engine\Modules</Filter>
    </ClCompile>
    <ClCompile Include="Engine\ModuleWindow.cpp">
      <Filter>Engine\Modules</Filter>
    </ClCompile>
    <ClCompile Include="Engine\ModuleAudio.cpp">
      <Filter>Engine\Modules</Filter>
    </ClCompile>
    <ClCompile Include="Engine\Defs.cpp">
      <Filter>Engine\Tools</Filter>
    </ClCompile>
    <ClCompile Include="Engine\Log.cpp">
      <Filter>Engine\Tools</Filter>
    </ClCompile>
    <ClCompile Include="Engine\PerfTimer.cpp">
      <Filter>Engine\Tools</Filter>
    </ClCompile>
    <ClCompile Include="Engine\Timer.cpp">
      <Filter>Engine\Tools</Filter>
    </ClCompile>
    <ClCompile Include="PugiXml\src\pugixml.cpp">
      <Filter>Engine\External\PugiXML</Filter>
    </ClCompile>
    <ClCompile Include="Engine\Scene.cpp">
      <Filter>Engine\Scenes</Filter>
    </ClCompile>
    <ClCompile Include="Engine\ModuleSceneManager.cpp">
      <Filter>Engine\Modules</Filter>
    </ClCompile>
    <ClCompile Include="Engine\ModuleEntityManager.cpp">
      <Filter>Engine\Modules</Filter>
    </ClCompile>
    <ClCompile Include="Engine\Entity.cpp">
      <Filter>Engine\Entities</Filter>
    </ClCompile>
    <ClCompile Include="Engine\Character.cpp">
      <Filter>Engine\Entities</Filter>
    </ClCompile>
    <ClCompile Include="Engine\ModuleMap.cpp">
      <Filter>Engine\Modules</Filter>
    </ClCompile>
    <ClCompile Include="Game\TestScene.cpp">
      <Filter>Engine\Scenes</Filter>
    </ClCompile>
    <ClCompile Include="Engine\UI\Label.cpp">
      <Filter>Engine\UI</Filter>
    </ClCompile>
    <ClCompile Include="Engine\UI\Slider.cpp">
      <Filter>Engine\UI</Filter>
    </ClCompile>
    <ClCompile Include="Engine\UI\Window.cpp">
      <Filter>Engine\UI</Filter>
    </ClCompile>
    <ClCompile Include="Engine\UI\Button.cpp">
      <Filter>Engine\UI</Filter>
    </ClCompile>
    <ClCompile Include="Engine\UI\InterfaceElement.cpp">
      <Filter>Engine\UI</Filter>
    </ClCompile>
    <ClCompile Include="Engine\ModuleGUI.cpp">
      <Filter>Engine\Modules</Filter>
    </ClCompile>
    <ClCompile Include="Engine\UI\Sprite.cpp">
      <Filter>Engine\UI</Filter>
    </ClCompile>
    <ClCompile Include="Engine\ModuleFonts.cpp">
      <Filter>Engine\Modules</Filter>
    </ClCompile>
  </ItemGroup>
  <ItemGroup>
    <ClInclude Include="Engine\App.h">
      <Filter>Engine</Filter>
    </ClInclude>
    <ClInclude Include="Engine\Module.h">
      <Filter>Engine</Filter>
    </ClInclude>
    <ClInclude Include="Engine\ModuleInput.h">
      <Filter>Engine\Modules</Filter>
    </ClInclude>
    <ClInclude Include="Engine\ModuleRender.h">
      <Filter>Engine\Modules</Filter>
    </ClInclude>
    <ClInclude Include="Engine\ModuleTextures.h">
      <Filter>Engine\Modules</Filter>
    </ClInclude>
    <ClInclude Include="Engine\ModuleWindow.h">
      <Filter>Engine\Modules</Filter>
    </ClInclude>
    <ClInclude Include="Engine\ModuleAudio.h">
      <Filter>Engine\Modules</Filter>
    </ClInclude>
    <ClInclude Include="Engine\Defs.h">
      <Filter>Engine\Tools</Filter>
    </ClInclude>
    <ClInclude Include="Engine\Log.h">
      <Filter>Engine\Tools</Filter>
    </ClInclude>
    <ClInclude Include="Engine\PerfTimer.h">
      <Filter>Engine\Tools</Filter>
    </ClInclude>
    <ClInclude Include="Engine\Timer.h">
      <Filter>Engine\Tools</Filter>
    </ClInclude>
    <ClInclude Include="PugiXml\src\pugixml.hpp">
      <Filter>Engine\External\PugiXML</Filter>
    </ClInclude>
    <ClInclude Include="PugiXml\src\pugiconfig.hpp">
      <Filter>Engine\External\PugiXML</Filter>
    </ClInclude>
    <ClInclude Include="Engine\Point.h">
      <Filter>Engine\Tools</Filter>
    </ClInclude>
    <ClInclude Include="Engine\Rect.h">
      <Filter>Engine\Tools</Filter>
    </ClInclude>
    <ClInclude Include="Engine\Scene.h">
      <Filter>Engine\Scenes</Filter>
    </ClInclude>
    <ClInclude Include="Engine\ModuleSceneManager.h">
      <Filter>Engine\Modules</Filter>
    </ClInclude>
    <ClInclude Include="Engine\ModuleEntityManager.h">
      <Filter>Engine\Modules</Filter>
    </ClInclude>
    <ClInclude Include="Engine\Entity.h">
      <Filter>Engine\Entities</Filter>
    </ClInclude>
    <ClInclude Include="Engine\Character.h">
      <Filter>Engine\Entities</Filter>
    </ClInclude>
    <ClInclude Include="Engine\PerfTimer.h">
      <Filter>Engine</Filter>
    </ClInclude>
    <ClInclude Include="Engine\ModuleMap.h">
      <Filter>Engine\Modules</Filter>
    </ClInclude>
    <ClInclude Include="Game\TestScene.h">
      <Filter>Engine\Scenes</Filter>
    </ClInclude>
    <ClInclude Include="Engine\PerfTimer.h">
      <Filter>Engine</Filter>
    </ClInclude>
    <ClInclude Include="Engine\UI\InterfaceElement.h">
      <Filter>Engine\UI</Filter>
    </ClInclude>
    <ClInclude Include="Engine\UI\Label.h">
      <Filter>Engine\UI</Filter>
    </ClInclude>
    <ClInclude Include="Engine\UI\Slider.h">
      <Filter>Engine\UI</Filter>
    </ClInclude>
    <ClInclude Include="Engine\UI\Window.h">
      <Filter>Engine\UI</Filter>
    </ClInclude>
    <ClInclude Include="Engine\UI\Button.h">
      <Filter>Engine\UI</Filter>
    </ClInclude>
    <ClInclude Include="Engine\ModuleGUI.h">
      <Filter>Engine\Modules</Filter>
    </ClInclude>
    <ClInclude Include="Engine\UI\Sprite.h">
      <Filter>Engine\UI</Filter>
    </ClInclude>
    <ClInclude Include="Engine\PerfTimer.h">
      <Filter>Engine</Filter>
    </ClInclude>
    <ClInclude Include="Engine\ModuleFonts.h">
      <Filter>Engine\Modules</Filter>
    </ClInclude>
  </ItemGroup>
</Project>